
Microsoft Visual Studio Solution File, Format Version 12.00
# Visual Studio 15
VisualStudioVersion = 15.0.26403.7
MinimumVisualStudioVersion = 10.0.40219.1
Project("{FAE04EC0-301F-11D3-BF4B-00C04F79EFBC}") = "DataTracker", "DataTracker\DataTracker.csproj", "{1560451F-B480-436A-B982-8DB24F467A22}"
EndProject
Project("{FAE04EC0-301F-11D3-BF4B-00C04F79EFBC}") = "TestMain", "TestMain\TestMain.csproj", "{A8597DC8-3007-4393-8E55-5B2388438BAE}"
EndProject
Project("{9092AA53-FB77-4645-B42D-1CCCA6BD08BD}") = "DataServer", "DataServer\DataServer.njsproj", "{05AC611A-839E-4918-95B4-BE571A36DE84}"
EndProject
Global
	GlobalSection(SolutionConfigurationPlatforms) = preSolution
		Debug|Any CPU = Debug|Any CPU
		Release|Any CPU = Release|Any CPU
	EndGlobalSection
	GlobalSection(ProjectConfigurationPlatforms) = postSolution
		{1560451F-B480-436A-B982-8DB24F467A22}.Debug|Any CPU.ActiveCfg = Debug|Any CPU
		{1560451F-B480-436A-B982-8DB24F467A22}.Debug|Any CPU.Build.0 = Debug|Any CPU
		{1560451F-B480-436A-B982-8DB24F467A22}.Release|Any CPU.ActiveCfg = Release|Any CPU
		{1560451F-B480-436A-B982-8DB24F467A22}.Release|Any CPU.Build.0 = Release|Any CPU
		{A8597DC8-3007-4393-8E55-5B2388438BAE}.Debug|Any CPU.ActiveCfg = Debug|Any CPU
		{A8597DC8-3007-4393-8E55-5B2388438BAE}.Debug|Any CPU.Build.0 = Debug|Any CPU
		{A8597DC8-3007-4393-8E55-5B2388438BAE}.Release|Any CPU.ActiveCfg = Release|Any CPU
		{A8597DC8-3007-4393-8E55-5B2388438BAE}.Release|Any CPU.Build.0 = Release|Any CPU
		{05AC611A-839E-4918-95B4-BE571A36DE84}.Debug|Any CPU.ActiveCfg = Debug|Any CPU
		{05AC611A-839E-4918-95B4-BE571A36DE84}.Debug|Any CPU.Build.0 = Debug|Any CPU
		{05AC611A-839E-4918-95B4-BE571A36DE84}.Release|Any CPU.ActiveCfg = Release|Any CPU
		{05AC611A-839E-4918-95B4-BE571A36DE84}.Release|Any CPU.Build.0 = Release|Any CPU
	EndGlobalSection
	GlobalSection(SolutionProperties) = preSolution
		HideSolutionNode = FALSE
	EndGlobalSection
EndGlobal
